
Microsoft Visual Studio Solution File, Format Version 12.00
# Visual Studio 15
VisualStudioVersion = 15.0.27130.2010
MinimumVisualStudioVersion = 10.0.40219.1
Project("{9A19103F-16F7-4668-BE54-9A1E7A4F7556}") = "PCBStore.Web", "PCBStore.Web\PCBStore.Web.csproj", "{8E247B66-99E3-4799-ADF5-88AD2AC802B2}"
EndProject
Project("{9A19103F-16F7-4668-BE54-9A1E7A4F7556}") = "PCBStore.Data", "PCBStore.Data\PCBStore.Data.csproj", "{784930F8-24FB-481A-B021-54860526F8E9}"
EndProject
Project("{9A19103F-16F7-4668-BE54-9A1E7A4F7556}") = "PCBStore.Common", "PCBStore.Common\PCBStore.Common.csproj", "{A6E29FC0-13D8-45EF-B2CC-F11D08EE480B}"
EndProject
Project("{9A19103F-16F7-4668-BE54-9A1E7A4F7556}") = "PCBStore.Services", "PCBStore.Services\PCBStore.Services.csproj", "{07402C09-46E0-43EB-B79B-5224097E8B52}"
EndProject
Project("{FAE04EC0-301F-11D3-BF4B-00C04F79EFBC}") = "PCBStore.Test", "PCBStore.Test\PCBStore.Test.csproj", "{91D457D7-0BDF-4D3D-95C7-CF3532C93774}"
EndProject
Global
	GlobalSection(SolutionConfigurationPlatforms) = preSolution
		Debug|Any CPU = Debug|Any CPU
		Release|Any CPU = Release|Any CPU
	EndGlobalSection
	GlobalSection(ProjectConfigurationPlatforms) = postSolution
		{8E247B66-99E3-4799-ADF5-88AD2AC802B2}.Debug|Any CPU.ActiveCfg = Debug|Any CPU
		{8E247B66-99E3-4799-ADF5-88AD2AC802B2}.Debug|Any CPU.Build.0 = Debug|Any CPU
		{8E247B66-99E3-4799-ADF5-88AD2AC802B2}.Release|Any CPU.ActiveCfg = Release|Any CPU
		{8E247B66-99E3-4799-ADF5-88AD2AC802B2}.Release|Any CPU.Build.0 = Release|Any CPU
		{784930F8-24FB-481A-B021-54860526F8E9}.Debug|Any CPU.ActiveCfg = Debug|Any CPU
		{784930F8-24FB-481A-B021-54860526F8E9}.Debug|Any CPU.Build.0 = Debug|Any CPU
		{784930F8-24FB-481A-B021-54860526F8E9}.Release|Any CPU.ActiveCfg = Release|Any CPU
		{784930F8-24FB-481A-B021-54860526F8E9}.Release|Any CPU.Build.0 = Release|Any CPU
		{A6E29FC0-13D8-45EF-B2CC-F11D08EE480B}.Debug|Any CPU.ActiveCfg = Debug|Any CPU
		{A6E29FC0-13D8-45EF-B2CC-F11D08EE480B}.Debug|Any CPU.Build.0 = Debug|Any CPU
		{A6E29FC0-13D8-45EF-B2CC-F11D08EE480B}.Release|Any CPU.ActiveCfg = Release|Any CPU
		{A6E29FC0-13D8-45EF-B2CC-F11D08EE480B}.Release|Any CPU.Build.0 = Release|Any CPU
		{07402C09-46E0-43EB-B79B-5224097E8B52}.Debug|Any CPU.ActiveCfg = Debug|Any CPU
		{07402C09-46E0-43EB-B79B-5224097E8B52}.Debug|Any CPU.Build.0 = Debug|Any CPU
		{07402C09-46E0-43EB-B79B-5224097E8B52}.Release|Any CPU.ActiveCfg = Release|Any CPU
		{07402C09-46E0-43EB-B79B-5224097E8B52}.Release|Any CPU.Build.0 = Release|Any CPU
		{91D457D7-0BDF-4D3D-95C7-CF3532C93774}.Debug|Any CPU.ActiveCfg = Debug|Any CPU
		{91D457D7-0BDF-4D3D-95C7-CF3532C93774}.Debug|Any CPU.Build.0 = Debug|Any CPU
		{91D457D7-0BDF-4D3D-95C7-CF3532C93774}.Release|Any CPU.ActiveCfg = Release|Any CPU
		{91D457D7-0BDF-4D3D-95C7-CF3532C93774}.Release|Any CPU.Build.0 = Release|Any CPU
	EndGlobalSection
	GlobalSection(SolutionProperties) = preSolution
		HideSolutionNode = FALSE
	EndGlobalSection
	GlobalSection(ExtensibilityGlobals) = postSolution
		SolutionGuid = {737FC305-E641-4B17-9BAE-3184218E54C1}
	EndGlobalSection
EndGlobal
